{
  "requires": true,
  "lockfileVersion": 1,
  "dependencies": {
    "inputmask": {
      "version": "4.0.2",
      "resolved": "https://registry.npmjs.org/inputmask/-/inputmask-4.0.2.tgz",
      "integrity": "sha512-9m7Q/bb7HAkTCvX61Bynp+52QYi67pb4qTvpit+p3iovnJimDiwH6bWB0J9SMpCXMm39xLUoznDzEz8BiNj9MQ=="
    }
  }
}
